
Microsoft Visual Studio Solution File, Format Version 12.00
# Visual Studio Version 17
VisualStudioVersion = 17.0.31903.59
MinimumVisualStudioVersion = 10.0.40219.1
Project("{FAE04EC0-301F-11D3-BF4B-00C04F79EFBC}") = "ManipulatingNumbers", "ManipulatingNumbers.csproj", "{101E97AC-0F32-4F2A-BED5-D181CC26FFD6}"
EndProject
Global
	GlobalSection(SolutionConfigurationPlatforms) = preSolution
		Debug|Any CPU = Debug|Any CPU
		Release|Any CPU = Release|Any CPU
	EndGlobalSection
	GlobalSection(SolutionProperties) = preSolution
		HideSolutionNode = FALSE
	EndGlobalSection
	GlobalSection(ProjectConfigurationPlatforms) = postSolution
		{101E97AC-0F32-4F2A-BED5-D181CC26FFD6}.Debug|Any CPU.ActiveCfg = Debug|Any CPU
		{101E97AC-0F32-4F2A-BED5-D181CC26FFD6}.Debug|Any CPU.Build.0 = Debug|Any CPU
		{101E97AC-0F32-4F2A-BED5-D181CC26FFD6}.Release|Any CPU.ActiveCfg = Release|Any CPU
		{101E97AC-0F32-4F2A-BED5-D181CC26FFD6}.Release|Any CPU.Build.0 = Release|Any CPU
	EndGlobalSection
EndGlobal
