Microsoft Visual Studio Solution File, Format Version 12.00
# Visual Studio Version 17
VisualStudioVersion = 17.5.2.0
MinimumVisualStudioVersion = 10.0.40219.1
Project("{FAE04EC0-301F-11D3-BF4B-00C04F79EFBC}") = "ReturnValuesEverywhere", "ReturnValuesEverywhere.csproj", "{1586016F-D21E-3471-9259-B86D839F1B85}"
EndProject
Global
	GlobalSection(SolutionConfigurationPlatforms) = preSolution
		Debug|Any CPU = Debug|Any CPU
		Release|Any CPU = Release|Any CPU
	EndGlobalSection
	GlobalSection(ProjectConfigurationPlatforms) = postSolution
		{1586016F-D21E-3471-9259-B86D839F1B85}.Debug|Any CPU.ActiveCfg = Debug|Any CPU
		{1586016F-D21E-3471-9259-B86D839F1B85}.Debug|Any CPU.Build.0 = Debug|Any CPU
		{1586016F-D21E-3471-9259-B86D839F1B85}.Release|Any CPU.ActiveCfg = Release|Any CPU
		{1586016F-D21E-3471-9259-B86D839F1B85}.Release|Any CPU.Build.0 = Release|Any CPU
	EndGlobalSection
	GlobalSection(SolutionProperties) = preSolution
		HideSolutionNode = FALSE
	EndGlobalSection
	GlobalSection(ExtensibilityGlobals) = postSolution
		SolutionGuid = {63980E66-9F0F-4DB9-BD77-BB43BE2A9701}
	EndGlobalSection
EndGlobal
